// !$*UTF8*$!
{
	archiveVersion = 1;
	classes = {
	};
	objectVersion = 46;
	objects = {

/* Begin PBXBuildFile section */
		5860302410B4EFD60664682C /* Vegetable.m in Sources */ = {isa = PBXBuildFile; fileRef = 586034B3AB1A1B39C24B19B7 /* Vegetable.m */; };
		5860313923567A2B18B54453 /* Grazing.m in Sources */ = {isa = PBXBuildFile; fileRef = 58603D3C18FBB8C713228C39 /* Grazing.m */; };
		586032A1C9FF396E12EA59E6 /* Cage.m in Sources */ = {isa = PBXBuildFile; fileRef = 58603E1D65E688A323787A14 /* Cage.m */; };
		5860333BC280993CEA44820F /* Rabbit.m in Sources */ = {isa = PBXBuildFile; fileRef = 586033D45E2A0BAE7EB59BE4 /* Rabbit.m */; };
		5860340F76F28CABED1ECAC8 /* Grazing.m in Sources */ = {isa = PBXBuildFile; fileRef = 58603D3C18FBB8C713228C39 /* Grazing.m */; };
		586036B5A94D1DB132325157 /* Rabbit.m in Sources */ = {isa = PBXBuildFile; fileRef = 586033D45E2A0BAE7EB59BE4 /* Rabbit.m */; };
		586038008633C369BF25D1FB /* BaseAnimal.m in Sources */ = {isa = PBXBuildFile; fileRef = 58603C318464DEFF817CDC0F /* BaseAnimal.m */; };
		5860384FB4191A6A6E13A525 /* Predator.m in Sources */ = {isa = PBXBuildFile; fileRef = 58603EBB6B837B3EE7041DF5 /* Predator.m */; };
		5860388831088BEA06C00799 /* BaseAnimal.m in Sources */ = {isa = PBXBuildFile; fileRef = 58603C318464DEFF817CDC0F /* BaseAnimal.m */; };
		5860388945BFBE8AD657ED1B /* Vegetable.m in Sources */ = {isa = PBXBuildFile; fileRef = 586034B3AB1A1B39C24B19B7 /* Vegetable.m */; };
		58603C18BDE3B91344F10F89 /* Predator.m in Sources */ = {isa = PBXBuildFile; fileRef = 58603EBB6B837B3EE7041DF5 /* Predator.m */; };
		58603FA9B81CFF2FB365A8F4 /* Cage.m in Sources */ = {isa = PBXBuildFile; fileRef = 58603E1D65E688A323787A14 /* Cage.m */; };
		84D9D3801A3D898D002BA719 /* main.m in Sources */ = {isa = PBXBuildFile; fileRef = 84D9D37F1A3D898D002BA719 /* main.m */; };
		84D9D3831A3D898D002BA719 /* AppDelegate.m in Sources */ = {isa = PBXBuildFile; fileRef = 84D9D3821A3D898D002BA719 /* AppDelegate.m */; };
		84D9D3861A3D898D002BA719 /* ViewController.m in Sources */ = {isa = PBXBuildFile; fileRef = 84D9D3851A3D898D002BA719 /* ViewController.m */; };
		84D9D3891A3D898D002BA719 /* Main.storyboard in Resources */ = {isa = PBXBuildFile; fileRef = 84D9D3871A3D898D002BA719 /* Main.storyboard */; };
		84D9D38B1A3D898D002BA719 /* Images.xcassets in Resources */ = {isa = PBXBuildFile; fileRef = 84D9D38A1A3D898D002BA719 /* Images.xcassets */; };
		84D9D38E1A3D898D002BA719 /* LaunchScreen.xib in Resources */ = {isa = PBXBuildFile; fileRef = 84D9D38C1A3D898D002BA719 /* LaunchScreen.xib */; };
		84D9D39A1A3D898D002BA719 /* LiitleZooTests.m in Sources */ = {isa = PBXBuildFile; fileRef = 84D9D3991A3D898D002BA719 /* LiitleZooTests.m */; };
		84D9D3A81A3D8E88002BA719 /* D3Size.m in Sources */ = {isa = PBXBuildFile; fileRef = 84D9D3A71A3D8E88002BA719 /* D3Size.m */; };
		84D9D3AA1A3DA056002BA719 /* PredatorTest.m in Sources */ = {isa = PBXBuildFile; fileRef = 84D9D3A91A3DA056002BA719 /* PredatorTest.m */; };
		84D9D3AC1A46DAF1002BA719 /* CageTests.m in Sources */ = {isa = PBXBuildFile; fileRef = 84D9D3AB1A46DAF1002BA719 /* CageTests.m */; };
/* End PBXBuildFile section */

/* Begin PBXContainerItemProxy section */
		84D9D3941A3D898D002BA719 /* PBXContainerItemProxy */ = {
			isa = PBXContainerItemProxy;
			containerPortal = 84D9D3721A3D898C002BA719 /* Project object */;
			proxyType = 1;
			remoteGlobalIDString = 84D9D3791A3D898D002BA719;
			remoteInfo = LiitleZoo;
		};
/* End PBXContainerItemProxy section */

/* Begin PBXFileReference section */
		586031A37FE249D8C28D75B2 /* BaseAnimal.h */ = {isa = PBXFileReference; fileEncoding = 4; lastKnownFileType = sourcecode.c.h; path = BaseAnimal.h; sourceTree = "<group>"; };
		586033D45E2A0BAE7EB59BE4 /* Rabbit.m */ = {isa = PBXFileReference; fileEncoding = 4; lastKnownFileType = sourcecode.c.objc; path = Rabbit.m; sourceTree = "<group>"; };
		5860343736E2BB2CAF840D0F /* Measurable.h */ = {isa = PBXFileReference; fileEncoding = 4; lastKnownFileType = sourcecode.c.h; path = Measurable.h; sourceTree = "<group>"; };
		586034B3AB1A1B39C24B19B7 /* Vegetable.m */ = {isa = PBXFileReference; fileEncoding = 4; lastKnownFileType = sourcecode.c.objc; path = Vegetable.m; sourceTree = "<group>"; };
		586034F3D1E7EB42D4AD0882 /* Vegetable.h */ = {isa = PBXFileReference; fileEncoding = 4; lastKnownFileType = sourcecode.c.h; path = Vegetable.h; sourceTree = "<group>"; };
		586035990C3AC6D6D7590BF6 /* Rabbit.h */ = {isa = PBXFileReference; fileEncoding = 4; lastKnownFileType = sourcecode.c.h; path = Rabbit.h; sourceTree = "<group>"; };
		5860362EDAC089FC5CAEC765 /* Cage.h */ = {isa = PBXFileReference; fileEncoding = 4; lastKnownFileType = sourcecode.c.h; path = Cage.h; sourceTree = "<group>"; };
		58603989BE0B1D8AE566FBE7 /* Predator.h */ = {isa = PBXFileReference; fileEncoding = 4; lastKnownFileType = sourcecode.c.h; path = Predator.h; sourceTree = "<group>"; };
		58603B54EC48857AA0D671A9 /* Grazing.h */ = {isa = PBXFileReference; fileEncoding = 4; lastKnownFileType = sourcecode.c.h; path = Grazing.h; sourceTree = "<group>"; };
		58603BAA6A4A09302C82AE89 /* Animal.h */ = {isa = PBXFileReference; fileEncoding = 4; lastKnownFileType = sourcecode.c.h; path = Animal.h; sourceTree = "<group>"; };
		58603C16FC0C1C5C9A3473A3 /* Food.h */ = {isa = PBXFileReference; fileEncoding = 4; lastKnownFileType = sourcecode.c.h; path = Food.h; sourceTree = "<group>"; };
		58603C318464DEFF817CDC0F /* BaseAnimal.m */ = {isa = PBXFileReference; fileEncoding = 4; lastKnownFileType = sourcecode.c.objc; path = BaseAnimal.m; sourceTree = "<group>"; };
		58603D3C18FBB8C713228C39 /* Grazing.m */ = {isa = PBXFileReference; fileEncoding = 4; lastKnownFileType = sourcecode.c.objc; path = Grazing.m; sourceTree = "<group>"; };
		58603E1D65E688A323787A14 /* Cage.m */ = {isa = PBXFileReference; fileEncoding = 4; lastKnownFileType = sourcecode.c.objc; path = Cage.m; sourceTree = "<group>"; };
		58603EBB6B837B3EE7041DF5 /* Predator.m */ = {isa = PBXFileReference; fileEncoding = 4; lastKnownFileType = sourcecode.c.objc; path = Predator.m; sourceTree = "<group>"; };
		84D9D37A1A3D898D002BA719 /* LiitleZoo.app */ = {isa = PBXFileReference; explicitFileType = wrapper.application; includeInIndex = 0; path = LiitleZoo.app; sourceTree = BUILT_PRODUCTS_DIR; };
		84D9D37E1A3D898D002BA719 /* Info.plist */ = {isa = PBXFileReference; lastKnownFileType = text.plist.xml; path = Info.plist; sourceTree = "<group>"; };
		84D9D37F1A3D898D002BA719 /* main.m */ = {isa = PBXFileReference; lastKnownFileType = sourcecode.c.objc; path = main.m; sourceTree = "<group>"; };
		84D9D3811A3D898D002BA719 /* AppDelegate.h */ = {isa = PBXFileReference; lastKnownFileType = sourcecode.c.h; path = AppDelegate.h; sourceTree = "<group>"; };
		84D9D3821A3D898D002BA719 /* AppDelegate.m */ = {isa = PBXFileReference; lastKnownFileType = sourcecode.c.objc; path = AppDelegate.m; sourceTree = "<group>"; };
		84D9D3841A3D898D002BA719 /* ViewController.h */ = {isa = PBXFileReference; lastKnownFileType = sourcecode.c.h; path = ViewController.h; sourceTree = "<group>"; };
		84D9D3851A3D898D002BA719 /* ViewController.m */ = {isa = PBXFileReference; lastKnownFileType = sourcecode.c.objc; path = ViewController.m; sourceTree = "<group>"; };
		84D9D3881A3D898D002BA719 /* Base */ = {isa = PBXFileReference; lastKnownFileType = file.storyboard; name = Base; path = Base.lproj/Main.storyboard; sourceTree = "<group>"; };
		84D9D38A1A3D898D002BA719 /* Images.xcassets */ = {isa = PBXFileReference; lastKnownFileType = folder.assetcatalog; path = Images.xcassets; sourceTree = "<group>"; };
		84D9D38D1A3D898D002BA719 /* Base */ = {isa = PBXFileReference; lastKnownFileType = file.xib; name = Base; path = Base.lproj/LaunchScreen.xib; sourceTree = "<group>"; };
		84D9D3931A3D898D002BA719 /* LiitleZooTests.xctest */ = {isa = PBXFileReference; explicitFileType = wrapper.cfbundle; includeInIndex = 0; path = LiitleZooTests.xctest; sourceTree = BUILT_PRODUCTS_DIR; };
		84D9D3981A3D898D002BA719 /* Info.plist */ = {isa = PBXFileReference; lastKnownFileType = text.plist.xml; path = Info.plist; sourceTree = "<group>"; };
		84D9D3991A3D898D002BA719 /* LiitleZooTests.m */ = {isa = PBXFileReference; lastKnownFileType = sourcecode.c.objc; path = LiitleZooTests.m; sourceTree = "<group>"; };
		84D9D3A61A3D8E88002BA719 /* D3Size.h */ = {isa = PBXFileReference; fileEncoding = 4; lastKnownFileType = sourcecode.c.h; path = D3Size.h; sourceTree = "<group>"; };
		84D9D3A71A3D8E88002BA719 /* D3Size.m */ = {isa = PBXFileReference; fileEncoding = 4; lastKnownFileType = sourcecode.c.objc; path = D3Size.m; sourceTree = "<group>"; };
		84D9D3A91A3DA056002BA719 /* PredatorTest.m */ = {isa = PBXFileReference; fileEncoding = 4; lastKnownFileType = sourcecode.c.objc; path = PredatorTest.m; sourceTree = "<group>"; };
		84D9D3AB1A46DAF1002BA719 /* CageTests.m */ = {isa = PBXFileReference; fileEncoding = 4; lastKnownFileType = sourcecode.c.objc; path = CageTests.m; sourceTree = "<group>"; };
/* End PBXFileReference section */

/* Begin PBXFrameworksBuildPhase section */
		84D9D3771A3D898D002BA719 /* Frameworks */ = {
			isa = PBXFrameworksBuildPhase;
			buildActionMask = 2147483647;
			files = (
			);
			runOnlyForDeploymentPostprocessing = 0;
		};
		84D9D3901A3D898D002BA719 /* Frameworks */ = {
			isa = PBXFrameworksBuildPhase;
			buildActionMask = 2147483647;
			files = (
			);
			runOnlyForDeploymentPostprocessing = 0;
		};
/* End PBXFrameworksBuildPhase section */

/* Begin PBXGroup section */
		586036043C405E5C1EC89B4C /* Animals */ = {
			isa = PBXGroup;
			children = (
				58603EBB6B837B3EE7041DF5 /* Predator.m */,
				58603989BE0B1D8AE566FBE7 /* Predator.h */,
				58603D3C18FBB8C713228C39 /* Grazing.m */,
				58603B54EC48857AA0D671A9 /* Grazing.h */,
				58603BAA6A4A09302C82AE89 /* Animal.h */,
				58603A9EBC371A2873D75D53 /* Impl */,
				58603C318464DEFF817CDC0F /* BaseAnimal.m */,
				586031A37FE249D8C28D75B2 /* BaseAnimal.h */,
			);
			name = Animals;
			sourceTree = "<group>";
		};
		58603A9EBC371A2873D75D53 /* Impl */ = {
			isa = PBXGroup;
			children = (
				586035990C3AC6D6D7590BF6 /* Rabbit.h */,
				586033D45E2A0BAE7EB59BE4 /* Rabbit.m */,
			);
			name = Impl;
			sourceTree = "<group>";
		};
		58603C8935F9163D58FA8E51 /* Grass */ = {
			isa = PBXGroup;
			children = (
				586034B3AB1A1B39C24B19B7 /* Vegetable.m */,
				586034F3D1E7EB42D4AD0882 /* Vegetable.h */,
			);
			name = Grass;
			sourceTree = "<group>";
		};
		84D9D3711A3D898C002BA719 = {
			isa = PBXGroup;
			children = (
				84D9D37C1A3D898D002BA719 /* LiitleZoo */,
				84D9D3961A3D898D002BA719 /* LiitleZooTests */,
				84D9D37B1A3D898D002BA719 /* Products */,
			);
			sourceTree = "<group>";
		};
		84D9D37B1A3D898D002BA719 /* Products */ = {
			isa = PBXGroup;
			children = (
				84D9D37A1A3D898D002BA719 /* LiitleZoo.app */,
				84D9D3931A3D898D002BA719 /* LiitleZooTests.xctest */,
			);
			name = Products;
			sourceTree = "<group>";
		};
		84D9D37C1A3D898D002BA719 /* LiitleZoo */ = {
			isa = PBXGroup;
			children = (
				84D9D3A31A3D8A37002BA719 /* Classes */,
				84D9D3A51A3D8D21002BA719 /* UI */,
				84D9D37D1A3D898D002BA719 /* Supporting Files */,
			);
			path = LiitleZoo;
			sourceTree = "<group>";
		};
		84D9D37D1A3D898D002BA719 /* Supporting Files */ = {
			isa = PBXGroup;
			children = (
				84D9D37E1A3D898D002BA719 /* Info.plist */,
				84D9D37F1A3D898D002BA719 /* main.m */,
			);
			name = "Supporting Files";
			sourceTree = "<group>";
		};
		84D9D3961A3D898D002BA719 /* LiitleZooTests */ = {
			isa = PBXGroup;
			children = (
				84D9D3991A3D898D002BA719 /* LiitleZooTests.m */,
				84D9D3971A3D898D002BA719 /* Supporting Files */,
				84D9D3A91A3DA056002BA719 /* PredatorTest.m */,
				84D9D3AB1A46DAF1002BA719 /* CageTests.m */,
			);
			path = LiitleZooTests;
			sourceTree = "<group>";
		};
		84D9D3971A3D898D002BA719 /* Supporting Files */ = {
			isa = PBXGroup;
			children = (
				84D9D3981A3D898D002BA719 /* Info.plist */,
			);
			name = "Supporting Files";
			sourceTree = "<group>";
		};
		84D9D3A31A3D8A37002BA719 /* Classes */ = {
			isa = PBXGroup;
			children = (
				84D9D3A61A3D8E88002BA719 /* D3Size.h */,
				84D9D3A71A3D8E88002BA719 /* D3Size.m */,
				58603C16FC0C1C5C9A3473A3 /* Food.h */,
				586036043C405E5C1EC89B4C /* Animals */,
				58603C8935F9163D58FA8E51 /* Grass */,
				5860343736E2BB2CAF840D0F /* Measurable.h */,
				58603E1D65E688A323787A14 /* Cage.m */,
				5860362EDAC089FC5CAEC765 /* Cage.h */,
			);
			name = Classes;
			sourceTree = "<group>";
		};
		84D9D3A51A3D8D21002BA719 /* UI */ = {
			isa = PBXGroup;
			children = (
				84D9D3811A3D898D002BA719 /* AppDelegate.h */,
				84D9D3841A3D898D002BA719 /* ViewController.h */,
				84D9D3821A3D898D002BA719 /* AppDelegate.m */,
				84D9D3851A3D898D002BA719 /* ViewController.m */,
				84D9D3871A3D898D002BA719 /* Main.storyboard */,
				84D9D38A1A3D898D002BA719 /* Images.xcassets */,
				84D9D38C1A3D898D002BA719 /* LaunchScreen.xib */,
			);
			name = UI;
			sourceTree = "<group>";
		};
/* End PBXGroup section */

/* Begin PBXNativeTarget section */
		84D9D3791A3D898D002BA719 /* LiitleZoo */ = {
			isa = PBXNativeTarget;
			buildConfigurationList = 84D9D39D1A3D898D002BA719 /* Build configuration list for PBXNativeTarget "LiitleZoo" */;
			buildPhases = (
				84D9D3761A3D898D002BA719 /* Sources */,
				84D9D3771A3D898D002BA719 /* Frameworks */,
				84D9D3781A3D898D002BA719 /* Resources */,
			);
			buildRules = (
			);
			dependencies = (
			);
			name = LiitleZoo;
			productName = LiitleZoo;
			productReference = 84D9D37A1A3D898D002BA719 /* LiitleZoo.app */;
			productType = "com.apple.product-type.application";
		};
		84D9D3921A3D898D002BA719 /* LiitleZooTests */ = {
			isa = PBXNativeTarget;
			buildConfigurationList = 84D9D3A01A3D898D002BA719 /* Build configuration list for PBXNativeTarget "LiitleZooTests" */;
			buildPhases = (
				84D9D38F1A3D898D002BA719 /* Sources */,
				84D9D3901A3D898D002BA719 /* Frameworks */,
				84D9D3911A3D898D002BA719 /* Resources */,
			);
			buildRules = (
			);
			dependencies = (
				84D9D3951A3D898D002BA719 /* PBXTargetDependency */,
			);
			name = LiitleZooTests;
			productName = LiitleZooTests;
			productReference = 84D9D3931A3D898D002BA719 /* LiitleZooTests.xctest */;
			productType = "com.apple.product-type.bundle.unit-test";
		};
/* End PBXNativeTarget section */

/* Begin PBXProject section */
		84D9D3721A3D898C002BA719 /* Project object */ = {
			isa = PBXProject;
			attributes = {
				LastUpgradeCheck = 0610;
				ORGANIZATIONNAME = admin;
				TargetAttributes = {
					84D9D3791A3D898D002BA719 = {
						CreatedOnToolsVersion = 6.1;
					};
					84D9D3921A3D898D002BA719 = {
						CreatedOnToolsVersion = 6.1;
						TestTargetID = 84D9D3791A3D898D002BA719;
					};
				};
			};
			buildConfigurationList = 84D9D3751A3D898C002BA719 /* Build configuration list for PBXProject "LiitleZoo" */;
			compatibilityVersion = "Xcode 3.2";
			developmentRegion = English;
			hasScannedForEncodings = 0;
			knownRegions = (
				en,
				Base,
			);
			mainGroup = 84D9D3711A3D898C002BA719;
			productRefGroup = 84D9D37B1A3D898D002BA719 /* Products */;
			projectDirPath = "";
			projectRoot = "";
			targets = (
				84D9D3791A3D898D002BA719 /* LiitleZoo */,
				84D9D3921A3D898D002BA719 /* LiitleZooTests */,
			);
		};
/* End PBXProject section */

/* Begin PBXResourcesBuildPhase section */
		84D9D3781A3D898D002BA719 /* Resources */ = {
			isa = PBXResourcesBuildPhase;
			buildActionMask = 2147483647;
			files = (
				84D9D3891A3D898D002BA719 /* Main.storyboard in Resources */,
				84D9D38E1A3D898D002BA719 /* LaunchScreen.xib in Resources */,
				84D9D38B1A3D898D002BA719 /* Images.xcassets in Resources */,
			);
			runOnlyForDeploymentPostprocessing = 0;
		};
		84D9D3911A3D898D002BA719 /* Resources */ = {
			isa = PBXResourcesBuildPhase;
			buildActionMask = 2147483647;
			files = (
			);
			runOnlyForDeploymentPostprocessing = 0;
		};
/* End PBXResourcesBuildPhase section */

/* Begin PBXSourcesBuildPhase section */
		84D9D3761A3D898D002BA719 /* Sources */ = {
			isa = PBXSourcesBuildPhase;
			buildActionMask = 2147483647;
			files = (
				84D9D3861A3D898D002BA719 /* ViewController.m in Sources */,
				84D9D3A81A3D8E88002BA719 /* D3Size.m in Sources */,
				84D9D3831A3D898D002BA719 /* AppDelegate.m in Sources */,
				84D9D3801A3D898D002BA719 /* main.m in Sources */,
				5860384FB4191A6A6E13A525 /* Predator.m in Sources */,
				5860313923567A2B18B54453 /* Grazing.m in Sources */,
				5860333BC280993CEA44820F /* Rabbit.m in Sources */,
				5860302410B4EFD60664682C /* Vegetable.m in Sources */,
				586038008633C369BF25D1FB /* BaseAnimal.m in Sources */,
				58603FA9B81CFF2FB365A8F4 /* Cage.m in Sources */,
			);
			runOnlyForDeploymentPostprocessing = 0;
		};
		84D9D38F1A3D898D002BA719 /* Sources */ = {
			isa = PBXSourcesBuildPhase;
			buildActionMask = 2147483647;
			files = (
				84D9D39A1A3D898D002BA719 /* LiitleZooTests.m in Sources */,
				84D9D3AA1A3DA056002BA719 /* PredatorTest.m in Sources */,
				58603C18BDE3B91344F10F89 /* Predator.m in Sources */,
				84D9D3AC1A46DAF1002BA719 /* CageTests.m in Sources */,
				5860340F76F28CABED1ECAC8 /* Grazing.m in Sources */,
				586036B5A94D1DB132325157 /* Rabbit.m in Sources */,
				5860388945BFBE8AD657ED1B /* Vegetable.m in Sources */,
				5860388831088BEA06C00799 /* BaseAnimal.m in Sources */,
				586032A1C9FF396E12EA59E6 /* Cage.m in Sources */,
			);
			runOnlyForDeploymentPostprocessing = 0;
		};
/* End PBXSourcesBuildPhase section */

/* Begin PBXTargetDependency section */
		84D9D3951A3D898D002BA719 /* PBXTargetDependency */ = {
			isa = PBXTargetDependency;
			target = 84D9D3791A3D898D002BA719 /* LiitleZoo */;
			targetProxy = 84D9D3941A3D898D002BA719 /* PBXContainerItemProxy */;
		};
/* End PBXTargetDependency section */

/* Begin PBXVariantGroup section */
		84D9D3871A3D898D002BA719 /* Main.storyboard */ = {
			isa = PBXVariantGroup;
			children = (
				84D9D3881A3D898D002BA719 /* Base */,
			);
			name = Main.storyboard;
			sourceTree = "<group>";
		};
		84D9D38C1A3D898D002BA719 /* LaunchScreen.xib */ = {
			isa = PBXVariantGroup;
			children = (
				84D9D38D1A3D898D002BA719 /* Base */,
			);
			name = LaunchScreen.xib;
			sourceTree = "<group>";
		};
/* End PBXVariantGroup section */

/* Begin XCBuildConfiguration section */
		84D9D39B1A3D898D002BA719 /* Debug */ = {
			isa = XCBuildConfiguration;
			buildSettings = {
				ALWAYS_SEARCH_USER_PATHS = NO;
				CLANG_CXX_LANGUAGE_STANDARD = "gnu++0x";
				CLANG_CXX_LIBRARY = "libc++";
				CLANG_ENABLE_MODULES = YES;
				CLANG_ENABLE_OBJC_ARC = YES;
				CLANG_WARN_BOOL_CONVERSION = YES;
				CLANG_WARN_CONSTANT_CONVERSION = YES;
				CLANG_WARN_DIRECT_OBJC_ISA_USAGE = YES_ERROR;
				CLANG_WARN_EMPTY_BODY = YES;
				CLANG_WARN_ENUM_CONVERSION = YES;
				CLANG_WARN_INT_CONVERSION = YES;
				CLANG_WARN_OBJC_ROOT_CLASS = YES_ERROR;
				CLANG_WARN_UNREACHABLE_CODE = YES;
				CLANG_WARN__DUPLICATE_METHOD_MATCH = YES;
				"CODE_SIGN_IDENTITY[sdk=iphoneos*]" = "iPhone Developer";
				COPY_PHASE_STRIP = NO;
				ENABLE_STRICT_OBJC_MSGSEND = YES;
				GCC_C_LANGUAGE_STANDARD = gnu99;
				GCC_DYNAMIC_NO_PIC = NO;
				GCC_OPTIMIZATION_LEVEL = 0;
				GCC_PREPROCESSOR_DEFINITIONS = (
					"DEBUG=1",
					"$(inherited)",
				);
				GCC_SYMBOLS_PRIVATE_EXTERN = NO;
				GCC_WARN_64_TO_32_BIT_CONVERSION = YES;
				GCC_WARN_ABOUT_RETURN_TYPE = YES_ERROR;
				GCC_WARN_UNDECLARED_SELECTOR = YES;
				GCC_WARN_UNINITIALIZED_AUTOS = YES_AGGRESSIVE;
				GCC_WARN_UNUSED_FUNCTION = YES;
				GCC_WARN_UNUSED_VARIABLE = YES;
				IPHONEOS_DEPLOYMENT_TARGET = 8.1;
				MTL_ENABLE_DEBUG_INFO = YES;
				ONLY_ACTIVE_ARCH = YES;
				SDKROOT = iphoneos;
				TARGETED_DEVICE_FAMILY = "1,2";
			};
			name = Debug;
		};
		84D9D39C1A3D898D002BA719 /* Release */ = {
			isa = XCBuildConfiguration;
			buildSettings = {
				ALWAYS_SEARCH_USER_PATHS = NO;
				CLANG_CXX_LANGUAGE_STANDARD = "gnu++0x";
				CLANG_CXX_LIBRARY = "libc++";
				CLANG_ENABLE_MODULES = YES;
				CLANG_ENABLE_OBJC_ARC = YES;
				CLANG_WARN_BOOL_CONVERSION = YES;
				CLANG_WARN_CONSTANT_CONVERSION = YES;
				CLANG_WARN_DIRECT_OBJC_ISA_USAGE = YES_ERROR;
				CLANG_WARN_EMPTY_BODY = YES;
				CLANG_WARN_ENUM_CONVERSION = YES;
				CLANG_WARN_INT_CONVERSION = YES;
				CLANG_WARN_OBJC_ROOT_CLASS = YES_ERROR;
				CLANG_WARN_UNREACHABLE_CODE = YES;
				CLANG_WARN__DUPLICATE_METHOD_MATCH = YES;
				"CODE_SIGN_IDENTITY[sdk=iphoneos*]" = "iPhone Developer";
				COPY_PHASE_STRIP = YES;
				ENABLE_NS_ASSERTIONS = NO;
				ENABLE_STRICT_OBJC_MSGSEND = YES;
				GCC_C_LANGUAGE_STANDARD = gnu99;
				GCC_WARN_64_TO_32_BIT_CONVERSION = YES;
				GCC_WARN_ABOUT_RETURN_TYPE = YES_ERROR;
				GCC_WARN_UNDECLARED_SELECTOR = YES;
				GCC_WARN_UNINITIALIZED_AUTOS = YES_AGGRESSIVE;
				GCC_WARN_UNUSED_FUNCTION = YES;
				GCC_WARN_UNUSED_VARIABLE = YES;
				IPHONEOS_DEPLOYMENT_TARGET = 8.1;
				MTL_ENABLE_DEBUG_INFO = NO;
				SDKROOT = iphoneos;
				TARGETED_DEVICE_FAMILY = "1,2";
				VALIDATE_PRODUCT = YES;
			};
			name = Release;
		};
		84D9D39E1A3D898D002BA719 /* Debug */ = {
			isa = XCBuildConfiguration;
			buildSettings = {
				ASSETCATALOG_COMPILER_APPICON_NAME = AppIcon;
				INFOPLIST_FILE = LiitleZoo/Info.plist;
				LD_RUNPATH_SEARCH_PATHS = "$(inherited) @executable_path/Frameworks";
				PRODUCT_NAME = "$(TARGET_NAME)";
			};
			name = Debug;
		};
		84D9D39F1A3D898D002BA719 /* Release */ = {
			isa = XCBuildConfiguration;
			buildSettings = {
				ASSETCATALOG_COMPILER_APPICON_NAME = AppIcon;
				INFOPLIST_FILE = LiitleZoo/Info.plist;
				LD_RUNPATH_SEARCH_PATHS = "$(inherited) @executable_path/Frameworks";
				PRODUCT_NAME = "$(TARGET_NAME)";
			};
			name = Release;
		};
		84D9D3A11A3D898D002BA719 /* Debug */ = {
			isa = XCBuildConfiguration;
			buildSettings = {
				BUNDLE_LOADER = "$(TEST_HOST)";
				FRAMEWORK_SEARCH_PATHS = (
					"$(SDKROOT)/Developer/Library/Frameworks",
					"$(inherited)",
				);
				GCC_PREPROCESSOR_DEFINITIONS = (
					"DEBUG=1",
					"$(inherited)",
				);
				INFOPLIST_FILE = LiitleZooTests/Info.plist;
				LD_RUNPATH_SEARCH_PATHS = "$(inherited) @executable_path/Frameworks @loader_path/Frameworks";
				PRODUCT_NAME = "$(TARGET_NAME)";
				TEST_HOST = "$(BUILT_PRODUCTS_DIR)/LiitleZoo.app/LiitleZoo";
			};
			name = Debug;
		};
		84D9D3A21A3D898D002BA719 /* Release */ = {
			isa = XCBuildConfiguration;
			buildSettings = {
				BUNDLE_LOADER = "$(TEST_HOST)";
				FRAMEWORK_SEARCH_PATHS = (
					"$(SDKROOT)/Developer/Library/Frameworks",
					"$(inherited)",
				);
				INFOPLIST_FILE = LiitleZooTests/Info.plist;
				LD_RUNPATH_SEARCH_PATHS = "$(inherited) @executable_path/Frameworks @loader_path/Frameworks";
				PRODUCT_NAME = "$(TARGET_NAME)";
				TEST_HOST = "$(BUILT_PRODUCTS_DIR)/LiitleZoo.app/LiitleZoo";
			};
			name = Release;
		};
/* End XCBuildConfiguration section */

/* Begin XCConfigurationList section */
		84D9D3751A3D898C002BA719 /* Build configuration list for PBXProject "LiitleZoo" */ = {
			isa = XCConfigurationList;
			buildConfigurations = (
				84D9D39B1A3D898D002BA719 /* Debug */,
				84D9D39C1A3D898D002BA719 /* Release */,
			);
			defaultConfigurationIsVisible = 0;
			defaultConfigurationName = Release;
		};
		84D9D39D1A3D898D002BA719 /* Build configuration list for PBXNativeTarget "LiitleZoo" */ = {
			isa = XCConfigurationList;
			buildConfigurations = (
				84D9D39E1A3D898D002BA719 /* Debug */,
				84D9D39F1A3D898D002BA719 /* Release */,
			);
			defaultConfigurationIsVisible = 0;
			defaultConfigurationName = Release;
		};
		84D9D3A01A3D898D002BA719 /* Build configuration list for PBXNativeTarget "LiitleZooTests" */ = {
			isa = XCConfigurationList;
			buildConfigurations = (
				84D9D3A11A3D898D002BA719 /* Debug */,
				84D9D3A21A3D898D002BA719 /* Release */,
			);
			defaultConfigurationIsVisible = 0;
			defaultConfigurationName = Release;
		};
/* End XCConfigurationList section */
	};
	rootObject = 84D9D3721A3D898C002BA719 /* Project object */;
}
